
Microsoft Visual Studio Solution File, Format Version 12.00
# Visual Studio Version 16
VisualStudioVersion = 16.0.31424.327
MinimumVisualStudioVersion = 10.0.40219.1
Project("{FAE04EC0-301F-11D3-BF4B-00C04F79EFBC}") = "EFDbDbFirst", "EFDbDbFirst\EFDbDbFirst.csproj", "{6AFD2D5A-F47E-4CA7-993A-D3D9F23ADFB4}"
EndProject
Global
	GlobalSection(SolutionConfigurationPlatforms) = preSolution
		Debug|Any CPU = Debug|Any CPU
		Release|Any CPU = Release|Any CPU
	EndGlobalSection
	GlobalSection(ProjectConfigurationPlatforms) = postSolution
		{6AFD2D5A-F47E-4CA7-993A-D3D9F23ADFB4}.Debug|Any CPU.ActiveCfg = Debug|Any CPU
		{6AFD2D5A-F47E-4CA7-993A-D3D9F23ADFB4}.Debug|Any CPU.Build.0 = Debug|Any CPU
		{6AFD2D5A-F47E-4CA7-993A-D3D9F23ADFB4}.Release|Any CPU.ActiveCfg = Release|Any CPU
		{6AFD2D5A-F47E-4CA7-993A-D3D9F23ADFB4}.Release|Any CPU.Build.0 = Release|Any CPU
	EndGlobalSection
	GlobalSection(SolutionProperties) = preSolution
		HideSolutionNode = FALSE
	EndGlobalSection
	GlobalSection(ExtensibilityGlobals) = postSolution
		SolutionGuid = {60E2CB6A-70B2-486B-8FDD-E2E97B2ACBF5}
	EndGlobalSection
EndGlobal
