
Microsoft Visual Studio Solution File, Format Version 12.00
# Visual Studio Version 16
VisualStudioVersion = 16.0.31424.327
MinimumVisualStudioVersion = 10.0.40219.1
Project("{FAE04EC0-301F-11D3-BF4B-00C04F79EFBC}") = "TodoApi", "TodoApi\TodoApi.csproj", "{4C44AF32-0D0B-4306-8E1A-5ACF8D55B3A1}"
EndProject
Global
	GlobalSection(SolutionConfigurationPlatforms) = preSolution
		Debug|Any CPU = Debug|Any CPU
		Release|Any CPU = Release|Any CPU
	EndGlobalSection
	GlobalSection(ProjectConfigurationPlatforms) = postSolution
		{4C44AF32-0D0B-4306-8E1A-5ACF8D55B3A1}.Debug|Any CPU.ActiveCfg = Debug|Any CPU
		{4C44AF32-0D0B-4306-8E1A-5ACF8D55B3A1}.Debug|Any CPU.Build.0 = Debug|Any CPU
		{4C44AF32-0D0B-4306-8E1A-5ACF8D55B3A1}.Release|Any CPU.ActiveCfg = Release|Any CPU
		{4C44AF32-0D0B-4306-8E1A-5ACF8D55B3A1}.Release|Any CPU.Build.0 = Release|Any CPU
	EndGlobalSection
	GlobalSection(SolutionProperties) = preSolution
		HideSolutionNode = FALSE
	EndGlobalSection
	GlobalSection(ExtensibilityGlobals) = postSolution
		SolutionGuid = {BF0EEFF5-5358-44A1-A316-AEE563178E78}
	EndGlobalSection
EndGlobal
